// !$*UTF8*$!
{
	archiveVersion = 1;
	classes = {
	};
	objectVersion = 50;
	objects = {

/* Begin PBXBuildFile section */
		4200E4FB243A440F00165AFC /* AppDelegate.swift in Sources */ = {isa = PBXBuildFile; fileRef = 4200E4FA243A440F00165AFC /* AppDelegate.swift */; };
		4200E4FD243A440F00165AFC /* SceneDelegate.swift in Sources */ = {isa = PBXBuildFile; fileRef = 4200E4FC243A440F00165AFC /* SceneDelegate.swift */; };
		4200E4FF243A440F00165AFC /* ContentView.swift in Sources */ = {isa = PBXBuildFile; fileRef = 4200E4FE243A440F00165AFC /* ContentView.swift */; };
		4200E504243A441000165AFC /* Preview Assets.xcassets in Resources */ = {isa = PBXBuildFile; fileRef = 4200E503243A441000165AFC /* Preview Assets.xcassets */; };
		4200E50F243A446E00165AFC /* SuperMario256.ttf in Resources */ = {isa = PBXBuildFile; fileRef = 4200E50E243A446E00165AFC /* SuperMario256.ttf */; };
		4200E514243A460000165AFC /* FigureView.swift in Sources */ = {isa = PBXBuildFile; fileRef = 4200E513243A460000165AFC /* FigureView.swift */; };
		4200E516243A461700165AFC /* CardView.swift in Sources */ = {isa = PBXBuildFile; fileRef = 4200E515243A461700165AFC /* CardView.swift */; };
		4200E518243A462800165AFC /* YarnView.swift in Sources */ = {isa = PBXBuildFile; fileRef = 4200E517243A462700165AFC /* YarnView.swift */; };
		4200E51C243A4C9900165AFC /* Constants.swift in Sources */ = {isa = PBXBuildFile; fileRef = 4200E51B243A4C9900165AFC /* Constants.swift */; };
		4200E52C243A4FF900165AFC /* Test.swift in Sources */ = {isa = PBXBuildFile; fileRef = 4200E528243A4FF800165AFC /* Test.swift */; };
		4200E52E243A4FF900165AFC /* ReleaseDateModel.swift in Sources */ = {isa = PBXBuildFile; fileRef = 4200E52A243A4FF800165AFC /* ReleaseDateModel.swift */; };
		4200E52F243A4FF900165AFC /* AmiiboAPIList.swift in Sources */ = {isa = PBXBuildFile; fileRef = 4200E52B243A4FF800165AFC /* AmiiboAPIList.swift */; };
		4200E533243A50C700165AFC /* ReleaseSchedule.swift in Sources */ = {isa = PBXBuildFile; fileRef = 4200E532243A50C700165AFC /* ReleaseSchedule.swift */; };
		4200E535243A50DC00165AFC /* URLimageView.swift in Sources */ = {isa = PBXBuildFile; fileRef = 4200E534243A50DC00165AFC /* URLimageView.swift */; };
		4200E537243A530F00165AFC /* LaunchScreen.storyboard in Resources */ = {isa = PBXBuildFile; fileRef = 4200E536243A530F00165AFC /* LaunchScreen.storyboard */; };
		4200E539243A55EF00165AFC /* NetworkingManager.swift in Sources */ = {isa = PBXBuildFile; fileRef = 4200E538243A55EF00165AFC /* NetworkingManager.swift */; };
		4200E53B243A650A00165AFC /* URLImageModel.swift in Sources */ = {isa = PBXBuildFile; fileRef = 4200E529243A4FF800165AFC /* URLImageModel.swift */; };
		4200E53D243A678800165AFC /* AmiiboDetailView.swift in Sources */ = {isa = PBXBuildFile; fileRef = 4200E53C243A678800165AFC /* AmiiboDetailView.swift */; };
		42E618372471D3F5008780AF /* Assets.xcassets in Resources */ = {isa = PBXBuildFile; fileRef = 4200E500243A441000165AFC /* Assets.xcassets */; };
/* End PBXBuildFile section */

/* Begin PBXFileReference section */
		4200E4F7243A440F00165AFC /* Amiibo Database.app */ = {isa = PBXFileReference; explicitFileType = wrapper.application; includeInIndex = 0; path = "Amiibo Database.app"; sourceTree = BUILT_PRODUCTS_DIR; };
		4200E4FA243A440F00165AFC /* AppDelegate.swift */ = {isa = PBXFileReference; lastKnownFileType = sourcecode.swift; path = AppDelegate.swift; sourceTree = "<group>"; };
		4200E4FC243A440F00165AFC /* SceneDelegate.swift */ = {isa = PBXFileReference; lastKnownFileType = sourcecode.swift; path = SceneDelegate.swift; sourceTree = "<group>"; };
		4200E4FE243A440F00165AFC /* ContentView.swift */ = {isa = PBXFileReference; lastKnownFileType = sourcecode.swift; path = ContentView.swift; sourceTree = "<group>"; };
		4200E500243A441000165AFC /* Assets.xcassets */ = {isa = PBXFileReference; lastKnownFileType = folder.assetcatalog; path = Assets.xcassets; sourceTree = "<group>"; };
		4200E503243A441000165AFC /* Preview Assets.xcassets */ = {isa = PBXFileReference; lastKnownFileType = folder.assetcatalog; path = "Preview Assets.xcassets"; sourceTree = "<group>"; };
		4200E508243A441000165AFC /* Info.plist */ = {isa = PBXFileReference; lastKnownFileType = text.plist.xml; path = Info.plist; sourceTree = "<group>"; };
		4200E50E243A446E00165AFC /* SuperMario256.ttf */ = {isa = PBXFileReference; lastKnownFileType = file; path = SuperMario256.ttf; sourceTree = "<group>"; };
		4200E513243A460000165AFC /* FigureView.swift */ = {isa = PBXFileReference; lastKnownFileType = sourcecode.swift; path = FigureView.swift; sourceTree = "<group>"; };
		4200E515243A461700165AFC /* CardView.swift */ = {isa = PBXFileReference; lastKnownFileType = sourcecode.swift; path = CardView.swift; sourceTree = "<group>"; };
		4200E517243A462700165AFC /* YarnView.swift */ = {isa = PBXFileReference; lastKnownFileType = sourcecode.swift; path = YarnView.swift; sourceTree = "<group>"; };
		4200E51B243A4C9900165AFC /* Constants.swift */ = {isa = PBXFileReference; fileEncoding = 4; lastKnownFileType = sourcecode.swift; path = Constants.swift; sourceTree = "<group>"; };
		4200E528243A4FF800165AFC /* Test.swift */ = {isa = PBXFileReference; fileEncoding = 4; lastKnownFileType = sourcecode.swift; path = Test.swift; sourceTree = "<group>"; };
		4200E529243A4FF800165AFC /* URLImageModel.swift */ = {isa = PBXFileReference; fileEncoding = 4; lastKnownFileType = sourcecode.swift; path = URLImageModel.swift; sourceTree = "<group>"; };
		4200E52A243A4FF800165AFC /* ReleaseDateModel.swift */ = {isa = PBXFileReference; fileEncoding = 4; lastKnownFileType = sourcecode.swift; path = ReleaseDateModel.swift; sourceTree = "<group>"; };
		4200E52B243A4FF800165AFC /* AmiiboAPIList.swift */ = {isa = PBXFileReference; fileEncoding = 4; lastKnownFileType = sourcecode.swift; path = AmiiboAPIList.swift; sourceTree = "<group>"; };
		4200E532243A50C700165AFC /* ReleaseSchedule.swift */ = {isa = PBXFileReference; fileEncoding = 4; lastKnownFileType = sourcecode.swift; path = ReleaseSchedule.swift; sourceTree = "<group>"; };
		4200E534243A50DC00165AFC /* URLimageView.swift */ = {isa = PBXFileReference; fileEncoding = 4; lastKnownFileType = sourcecode.swift; path = URLimageView.swift; sourceTree = "<group>"; };
		4200E536243A530F00165AFC /* LaunchScreen.storyboard */ = {isa = PBXFileReference; fileEncoding = 4; lastKnownFileType = file.storyboard; path = LaunchScreen.storyboard; sourceTree = "<group>"; };
		4200E538243A55EF00165AFC /* NetworkingManager.swift */ = {isa = PBXFileReference; fileEncoding = 4; lastKnownFileType = sourcecode.swift; name = NetworkingManager.swift; path = "Amiibo Database/NetworkingManager.swift"; sourceTree = SOURCE_ROOT; };
		4200E53C243A678800165AFC /* AmiiboDetailView.swift */ = {isa = PBXFileReference; fileEncoding = 4; lastKnownFileType = sourcecode.swift; path = AmiiboDetailView.swift; sourceTree = "<group>"; };
/* End PBXFileReference section */

/* Begin PBXFrameworksBuildPhase section */
		4200E4F4243A440F00165AFC /* Frameworks */ = {
			isa = PBXFrameworksBuildPhase;
			buildActionMask = 2147483647;
			files = (
			);
			runOnlyForDeploymentPostprocessing = 0;
		};
/* End PBXFrameworksBuildPhase section */

/* Begin PBXGroup section */
		4200E4EE243A440F00165AFC = {
			isa = PBXGroup;
			children = (
				4200E4F9243A440F00165AFC /* Amiibo Database */,
				4200E4F8243A440F00165AFC /* Products */,
			);
			sourceTree = "<group>";
		};
		4200E4F8243A440F00165AFC /* Products */ = {
			isa = PBXGroup;
			children = (
				4200E4F7243A440F00165AFC /* Amiibo Database.app */,
			);
			name = Products;
			sourceTree = "<group>";
		};
		4200E4F9243A440F00165AFC /* Amiibo Database */ = {
			isa = PBXGroup;
			children = (
				4200E527243A4FD900165AFC /* Models */,
				4200E524243A4E8D00165AFC /* Networking */,
				4200E51D243A4D0200165AFC /* Constants */,
				4200E512243A45E600165AFC /* Views */,
				4200E4FA243A440F00165AFC /* AppDelegate.swift */,
				4200E4FC243A440F00165AFC /* SceneDelegate.swift */,
				4200E500243A441000165AFC /* Assets.xcassets */,
				4200E508243A441000165AFC /* Info.plist */,
				4200E50E243A446E00165AFC /* SuperMario256.ttf */,
				4200E536243A530F00165AFC /* LaunchScreen.storyboard */,
				4200E502243A441000165AFC /* Preview Content */,
			);
			path = "Amiibo Database";
			sourceTree = "<group>";
		};
		4200E502243A441000165AFC /* Preview Content */ = {
			isa = PBXGroup;
			children = (
				4200E503243A441000165AFC /* Preview Assets.xcassets */,
			);
			path = "Preview Content";
			sourceTree = "<group>";
		};
		4200E512243A45E600165AFC /* Views */ = {
			isa = PBXGroup;
			children = (
				4200E53C243A678800165AFC /* AmiiboDetailView.swift */,
				4200E532243A50C700165AFC /* ReleaseSchedule.swift */,
				4200E534243A50DC00165AFC /* URLimageView.swift */,
				4200E4FE243A440F00165AFC /* ContentView.swift */,
				4200E513243A460000165AFC /* FigureView.swift */,
				4200E515243A461700165AFC /* CardView.swift */,
				4200E517243A462700165AFC /* YarnView.swift */,
			);
			path = Views;
			sourceTree = "<group>";
		};
		4200E51D243A4D0200165AFC /* Constants */ = {
			isa = PBXGroup;
			children = (
				4200E51B243A4C9900165AFC /* Constants.swift */,
			);
			path = Constants;
			sourceTree = "<group>";
		};
		4200E524243A4E8D00165AFC /* Networking */ = {
			isa = PBXGroup;
			children = (
				4200E538243A55EF00165AFC /* NetworkingManager.swift */,
			);
			path = Networking;
			sourceTree = "<group>";
		};
		4200E527243A4FD900165AFC /* Models */ = {
			isa = PBXGroup;
			children = (
				4200E52B243A4FF800165AFC /* AmiiboAPIList.swift */,
				4200E52A243A4FF800165AFC /* ReleaseDateModel.swift */,
				4200E528243A4FF800165AFC /* Test.swift */,
				4200E529243A4FF800165AFC /* URLImageModel.swift */,
			);
			path = Models;
			sourceTree = "<group>";
		};
/* End PBXGroup section */

/* Begin PBXNativeTarget section */
		4200E4F6243A440F00165AFC /* Amiibo Database */ = {
			isa = PBXNativeTarget;
			buildConfigurationList = 4200E50B243A441000165AFC /* Build configuration list for PBXNativeTarget "Amiibo Database" */;
			buildPhases = (
				4200E4F3243A440F00165AFC /* Sources */,
				4200E4F4243A440F00165AFC /* Frameworks */,
				4200E4F5243A440F00165AFC /* Resources */,
			);
			buildRules = (
			);
			dependencies = (
			);
			name = "Amiibo Database";
			productName = "Amiibo Database";
			productReference = 4200E4F7243A440F00165AFC /* Amiibo Database.app */;
			productType = "com.apple.product-type.application";
		};
/* End PBXNativeTarget section */

/* Begin PBXProject section */
		4200E4EF243A440F00165AFC /* Project object */ = {
			isa = PBXProject;
			attributes = {
				LastSwiftUpdateCheck = 1140;
				LastUpgradeCheck = 1140;
				ORGANIZATIONNAME = "Les R Lariz";
				TargetAttributes = {
					4200E4F6243A440F00165AFC = {
						CreatedOnToolsVersion = 11.4;
					};
				};
			};
			buildConfigurationList = 4200E4F2243A440F00165AFC /* Build configuration list for PBXProject "Amiibo Database" */;
			compatibilityVersion = "Xcode 9.3";
			developmentRegion = en;
			hasScannedForEncodings = 0;
			knownRegions = (
				en,
				Base,
			);
			mainGroup = 4200E4EE243A440F00165AFC;
			productRefGroup = 4200E4F8243A440F00165AFC /* Products */;
			projectDirPath = "";
			projectRoot = "";
			targets = (
				4200E4F6243A440F00165AFC /* Amiibo Database */,
			);
		};
/* End PBXProject section */

/* Begin PBXResourcesBuildPhase section */
		4200E4F5243A440F00165AFC /* Resources */ = {
			isa = PBXResourcesBuildPhase;
			buildActionMask = 2147483647;
			files = (
				4200E50F243A446E00165AFC /* SuperMario256.ttf in Resources */,
				4200E537243A530F00165AFC /* LaunchScreen.storyboard in Resources */,
				42E618372471D3F5008780AF /* Assets.xcassets in Resources */,
				4200E504243A441000165AFC /* Preview Assets.xcassets in Resources */,
			);
			runOnlyForDeploymentPostprocessing = 0;
		};
/* End PBXResourcesBuildPhase section */

/* Begin PBXSourcesBuildPhase section */
		4200E4F3243A440F00165AFC /* Sources */ = {
			isa = PBXSourcesBuildPhase;
			buildActionMask = 2147483647;
			files = (
				4200E514243A460000165AFC /* FigureView.swift in Sources */,
				4200E4FB243A440F00165AFC /* AppDelegate.swift in Sources */,
				4200E518243A462800165AFC /* YarnView.swift in Sources */,
				4200E533243A50C700165AFC /* ReleaseSchedule.swift in Sources */,
				4200E53B243A650A00165AFC /* URLImageModel.swift in Sources */,
				4200E4FD243A440F00165AFC /* SceneDelegate.swift in Sources */,
				4200E539243A55EF00165AFC /* NetworkingManager.swift in Sources */,
				4200E51C243A4C9900165AFC /* Constants.swift in Sources */,
				4200E52E243A4FF900165AFC /* ReleaseDateModel.swift in Sources */,
				4200E52C243A4FF900165AFC /* Test.swift in Sources */,
				4200E4FF243A440F00165AFC /* ContentView.swift in Sources */,
				4200E516243A461700165AFC /* CardView.swift in Sources */,
				4200E535243A50DC00165AFC /* URLimageView.swift in Sources */,
				4200E52F243A4FF900165AFC /* AmiiboAPIList.swift in Sources */,
				4200E53D243A678800165AFC /* AmiiboDetailView.swift in Sources */,
			);
			runOnlyForDeploymentPostprocessing = 0;
		};
/* End PBXSourcesBuildPhase section */

/* Begin XCBuildConfiguration section */
		4200E509243A441000165AFC /* Debug */ = {
			isa = XCBuildConfiguration;
			buildSettings = {
				ALWAYS_SEARCH_USER_PATHS = NO;
				CLANG_ANALYZER_NONNULL = YES;
				CLANG_ANALYZER_NUMBER_OBJECT_CONVERSION = YES_AGGRESSIVE;
				CLANG_CXX_LANGUAGE_STANDARD = "gnu++14";
				CLANG_CXX_LIBRARY = "libc++";
				CLANG_ENABLE_MODULES = YES;
				CLANG_ENABLE_OBJC_ARC = YES;
				CLANG_ENABLE_OBJC_WEAK = YES;
				CLANG_WARN_BLOCK_CAPTURE_AUTORELEASING = YES;
				CLANG_WARN_BOOL_CONVERSION = YES;
				CLANG_WARN_COMMA = YES;
				CLANG_WARN_CONSTANT_CONVERSION = YES;
				CLANG_WARN_DEPRECATED_OBJC_IMPLEMENTATIONS = YES;
				CLANG_WARN_DIRECT_OBJC_ISA_USAGE = YES_ERROR;
				CLANG_WARN_DOCUMENTATION_COMMENTS = YES;
				CLANG_WARN_EMPTY_BODY = YES;
				CLANG_WARN_ENUM_CONVERSION = YES;
				CLANG_WARN_INFINITE_RECURSION = YES;
				CLANG_WARN_INT_CONVERSION = YES;
				CLANG_WARN_NON_LITERAL_NULL_CONVERSION = YES;
				CLANG_WARN_OBJC_IMPLICIT_RETAIN_SELF = YES;
				CLANG_WARN_OBJC_LITERAL_CONVERSION = YES;
				CLANG_WARN_OBJC_ROOT_CLASS = YES_ERROR;
				CLANG_WARN_RANGE_LOOP_ANALYSIS = YES;
				CLANG_WARN_STRICT_PROTOTYPES = YES;
				CLANG_WARN_SUSPICIOUS_MOVE = YES;
				CLANG_WARN_UNGUARDED_AVAILABILITY = YES_AGGRESSIVE;
				CLANG_WARN_UNREACHABLE_CODE = YES;
				CLANG_WARN__DUPLICATE_METHOD_MATCH = YES;
				COPY_PHASE_STRIP = NO;
				DEBUG_INFORMATION_FORMAT = dwarf;
				ENABLE_STRICT_OBJC_MSGSEND = YES;
				ENABLE_TESTABILITY = YES;
				GCC_C_LANGUAGE_STANDARD = gnu11;
				GCC_DYNAMIC_NO_PIC = NO;
				GCC_NO_COMMON_BLOCKS = YES;
				GCC_OPTIMIZATION_LEVEL = 0;
				GCC_PREPROCESSOR_DEFINITIONS = (
					"DEBUG=1",
					"$(inherited)",
				);
				GCC_WARN_64_TO_32_BIT_CONVERSION = YES;
				GCC_WARN_ABOUT_RETURN_TYPE = YES_ERROR;
				GCC_WARN_UNDECLARED_SELECTOR = YES;
				GCC_WARN_UNINITIALIZED_AUTOS = YES_AGGRESSIVE;
				GCC_WARN_UNUSED_FUNCTION = YES;
				GCC_WARN_UNUSED_VARIABLE = YES;
				IPHONEOS_DEPLOYMENT_TARGET = 13.4;
				MTL_ENABLE_DEBUG_INFO = INCLUDE_SOURCE;
				MTL_FAST_MATH = YES;
				ONLY_ACTIVE_ARCH = YES;
				SDKROOT = iphoneos;
				SWIFT_ACTIVE_COMPILATION_CONDITIONS = DEBUG;
				SWIFT_OPTIMIZATION_LEVEL = "-Onone";
			};
			name = Debug;
		};
		4200E50A243A441000165AFC /* Release */ = {
			isa = XCBuildConfiguration;
			buildSettings = {
				ALWAYS_SEARCH_USER_PATHS = NO;
				CLANG_ANALYZER_NONNULL = YES;
				CLANG_ANALYZER_NUMBER_OBJECT_CONVERSION = YES_AGGRESSIVE;
				CLANG_CXX_LANGUAGE_STANDARD = "gnu++14";
				CLANG_CXX_LIBRARY = "libc++";
				CLANG_ENABLE_MODULES = YES;
				CLANG_ENABLE_OBJC_ARC = YES;
				CLANG_ENABLE_OBJC_WEAK = YES;
				CLANG_WARN_BLOCK_CAPTURE_AUTORELEASING = YES;
				CLANG_WARN_BOOL_CONVERSION = YES;
				CLANG_WARN_COMMA = YES;
				CLANG_WARN_CONSTANT_CONVERSION = YES;
				CLANG_WARN_DEPRECATED_OBJC_IMPLEMENTATIONS = YES;
				CLANG_WARN_DIRECT_OBJC_ISA_USAGE = YES_ERROR;
				CLANG_WARN_DOCUMENTATION_COMMENTS = YES;
				CLANG_WARN_EMPTY_BODY = YES;
				CLANG_WARN_ENUM_CONVERSION = YES;
				CLANG_WARN_INFINITE_RECURSION = YES;
				CLANG_WARN_INT_CONVERSION = YES;
				CLANG_WARN_NON_LITERAL_NULL_CONVERSION = YES;
				CLANG_WARN_OBJC_IMPLICIT_RETAIN_SELF = YES;
				CLANG_WARN_OBJC_LITERAL_CONVERSION = YES;
				CLANG_WARN_OBJC_ROOT_CLASS = YES_ERROR;
				CLANG_WARN_RANGE_LOOP_ANALYSIS = YES;
				CLANG_WARN_STRICT_PROTOTYPES = YES;
				CLANG_WARN_SUSPICIOUS_MOVE = YES;
				CLANG_WARN_UNGUARDED_AVAILABILITY = YES_AGGRESSIVE;
				CLANG_WARN_UNREACHABLE_CODE = YES;
				CLANG_WARN__DUPLICATE_METHOD_MATCH = YES;
				COPY_PHASE_STRIP = NO;
				DEBUG_INFORMATION_FORMAT = "dwarf-with-dsym";
				ENABLE_NS_ASSERTIONS = NO;
				ENABLE_STRICT_OBJC_MSGSEND = YES;
				GCC_C_LANGUAGE_STANDARD = gnu11;
				GCC_NO_COMMON_BLOCKS = YES;
				GCC_WARN_64_TO_32_BIT_CONVERSION = YES;
				GCC_WARN_ABOUT_RETURN_TYPE = YES_ERROR;
				GCC_WARN_UNDECLARED_SELECTOR = YES;
				GCC_WARN_UNINITIALIZED_AUTOS = YES_AGGRESSIVE;
				GCC_WARN_UNUSED_FUNCTION = YES;
				GCC_WARN_UNUSED_VARIABLE = YES;
				IPHONEOS_DEPLOYMENT_TARGET = 13.4;
				MTL_ENABLE_DEBUG_INFO = NO;
				MTL_FAST_MATH = YES;
				SDKROOT = iphoneos;
				SWIFT_COMPILATION_MODE = wholemodule;
				SWIFT_OPTIMIZATION_LEVEL = "-O";
				VALIDATE_PRODUCT = YES;
			};
			name = Release;
		};
		4200E50C243A441000165AFC /* Debug */ = {
			isa = XCBuildConfiguration;
			buildSettings = {
				ASSETCATALOG_COMPILER_APPICON_NAME = AppIcon;
				CODE_SIGN_STYLE = Automatic;
				DEVELOPMENT_ASSET_PATHS = "\"Amiibo Database/Preview Content\"";
				DEVELOPMENT_TEAM = N3UFHUD83J;
				ENABLE_PREVIEWS = YES;
				INFOPLIST_FILE = "Amiibo Database/Info.plist";
				LD_RUNPATH_SEARCH_PATHS = (
					"$(inherited)",
					"@executable_path/Frameworks",
				);
				PRODUCT_BUNDLE_IDENTIFIER = "com.64bitdad.Amiibo-Database";
				PRODUCT_NAME = "$(TARGET_NAME)";
				SWIFT_VERSION = 5.0;
				TARGETED_DEVICE_FAMILY = "1,2";
			};
			name = Debug;
		};
		4200E50D243A441000165AFC /* Release */ = {
			isa = XCBuildConfiguration;
			buildSettings = {
				ASSETCATALOG_COMPILER_APPICON_NAME = AppIcon;
				CODE_SIGN_STYLE = Automatic;
				DEVELOPMENT_ASSET_PATHS = "\"Amiibo Database/Preview Content\"";
				DEVELOPMENT_TEAM = N3UFHUD83J;
				ENABLE_PREVIEWS = YES;
				INFOPLIST_FILE = "Amiibo Database/Info.plist";
				LD_RUNPATH_SEARCH_PATHS = (
					"$(inherited)",
					"@executable_path/Frameworks",
				);
				PRODUCT_BUNDLE_IDENTIFIER = "com.64bitdad.Amiibo-Database";
				PRODUCT_NAME = "$(TARGET_NAME)";
				SWIFT_VERSION = 5.0;
				TARGETED_DEVICE_FAMILY = "1,2";
			};
			name = Release;
		};
/* End XCBuildConfiguration section */

/* Begin XCConfigurationList section */
		4200E4F2243A440F00165AFC /* Build configuration list for PBXProject "Amiibo Database" */ = {
			isa = XCConfigurationList;
			buildConfigurations = (
				4200E509243A441000165AFC /* Debug */,
				4200E50A243A441000165AFC /* Release */,
			);
			defaultConfigurationIsVisible = 0;
			defaultConfigurationName = Release;
		};
		4200E50B243A441000165AFC /* Build configuration list for PBXNativeTarget "Amiibo Database" */ = {
			isa = XCConfigurationList;
			buildConfigurations = (
				4200E50C243A441000165AFC /* Debug */,
				4200E50D243A441000165AFC /* Release */,
			);
			defaultConfigurationIsVisible = 0;
			defaultConfigurationName = Release;
		};
/* End XCConfigurationList section */
	};
	rootObject = 4200E4EF243A440F00165AFC /* Project object */;
}
